
Microsoft Visual Studio Solution File, Format Version 12.00
# Visual Studio Version 17
VisualStudioVersion = 17.6.33723.286
MinimumVisualStudioVersion = 10.0.40219.1
Project("{9A19103F-16F7-4668-BE54-9A1E7A4F7556}") = "BardCoded", "BardCoded\BardCoded.csproj", "{7A0DC3E3-D5E1-489F-901F-D81681674B30}"
EndProject
Project("{9A19103F-16F7-4668-BE54-9A1E7A4F7556}") = "Tests", "Tests\Tests.csproj", "{536A6CDA-C11F-4972-8AA1-B710111FBC02}"
EndProject
Global
	GlobalSection(SolutionConfigurationPlatforms) = preSolution
		Debug|Any CPU = Debug|Any CPU
		Release|Any CPU = Release|Any CPU
	EndGlobalSection
	GlobalSection(ProjectConfigurationPlatforms) = postSolution
		{7A0DC3E3-D5E1-489F-901F-D81681674B30}.Debug|Any CPU.ActiveCfg = Debug|Any CPU
		{7A0DC3E3-D5E1-489F-901F-D81681674B30}.Debug|Any CPU.Build.0 = Debug|Any CPU
		{7A0DC3E3-D5E1-489F-901F-D81681674B30}.Release|Any CPU.ActiveCfg = Release|Any CPU
		{7A0DC3E3-D5E1-489F-901F-D81681674B30}.Release|Any CPU.Build.0 = Release|Any CPU
		{536A6CDA-C11F-4972-8AA1-B710111FBC02}.Debug|Any CPU.ActiveCfg = Debug|Any CPU
		{536A6CDA-C11F-4972-8AA1-B710111FBC02}.Debug|Any CPU.Build.0 = Debug|Any CPU
		{536A6CDA-C11F-4972-8AA1-B710111FBC02}.Release|Any CPU.ActiveCfg = Release|Any CPU
		{536A6CDA-C11F-4972-8AA1-B710111FBC02}.Release|Any CPU.Build.0 = Release|Any CPU
	EndGlobalSection
	GlobalSection(SolutionProperties) = preSolution
		HideSolutionNode = FALSE
	EndGlobalSection
	GlobalSection(ExtensibilityGlobals) = postSolution
		SolutionGuid = {BB4F7CF8-0B9B-4292-A40C-0EA51EB39964}
	EndGlobalSection
EndGlobal
